// !$*UTF8*$!
{
	archiveVersion = 1;
	classes = {
	};
	objectVersion = 51;
	objects = {

/* Begin PBXBuildFile section */
		172CD39986230DEA28E0E477 /* Pods_Estaed.framework in Frameworks */ = {isa = PBXBuildFile; fileRef = 2CCE0409F00A5BDB5434F381 /* Pods_Estaed.framework */; };
		A91461E5276A7A2100F85FC8 /* TableViewCell.swift in Sources */ = {isa = PBXBuildFile; fileRef = A91461E3276A7A2100F85FC8 /* TableViewCell.swift */; };
		A91461E6276A7A2100F85FC8 /* TableViewCell.xib in Resources */ = {isa = PBXBuildFile; fileRef = A91461E4276A7A2100F85FC8 /* TableViewCell.xib */; };
		A91461EB276A808000F85FC8 /* Constant.swift in Sources */ = {isa = PBXBuildFile; fileRef = A91461EA276A808000F85FC8 /* Constant.swift */; };
		A9AA3FB22783A2D8008D35E7 /* LectureCell.swift in Sources */ = {isa = PBXBuildFile; fileRef = A9AA3FB02783A2D8008D35E7 /* LectureCell.swift */; };
		A9AA3FB32783A2D9008D35E7 /* LectureCell.xib in Resources */ = {isa = PBXBuildFile; fileRef = A9AA3FB12783A2D8008D35E7 /* LectureCell.xib */; };
		BF05A4322768EC7100C774C5 /* InstructorsCoursesTabelViewController.swift in Sources */ = {isa = PBXBuildFile; fileRef = BF05A4312768EC7100C774C5 /* InstructorsCoursesTabelViewController.swift */; };
		BF05A4342768EF5700C774C5 /* InstructorsAddCourse.swift in Sources */ = {isa = PBXBuildFile; fileRef = BF05A4332768EF5700C774C5 /* InstructorsAddCourse.swift */; };
		BF0FC90D2779C97900302456 /* TableVCChallengesCell.swift in Sources */ = {isa = PBXBuildFile; fileRef = BF0FC90B2779C97900302456 /* TableVCChallengesCell.swift */; };
		BF0FC9102779CBA700302456 /* ChallengesTableViewController.swift in Sources */ = {isa = PBXBuildFile; fileRef = BF0FC90F2779CBA700302456 /* ChallengesTableViewController.swift */; };
		BF64F6C72771A77C0033FDDE /* CellProtocol.swift in Sources */ = {isa = PBXBuildFile; fileRef = BF64F6C62771A77C0033FDDE /* CellProtocol.swift */; };
		BF6C52BC278623180049340C /* ChallengeCell.swift in Sources */ = {isa = PBXBuildFile; fileRef = BF6C52BA278623180049340C /* ChallengeCell.swift */; };
		BF6C52BD278623180049340C /* ChallengeCell.xib in Resources */ = {isa = PBXBuildFile; fileRef = BF6C52BB278623180049340C /* ChallengeCell.xib */; };
		BF7697282774605D003AEE3E /* StudentCourseDetails.swift in Sources */ = {isa = PBXBuildFile; fileRef = BF7697272774605D003AEE3E /* StudentCourseDetails.swift */; };
		BF76972A27749A81003AEE3E /* StudentCourseDetailsModel.swift in Sources */ = {isa = PBXBuildFile; fileRef = BF76972927749A81003AEE3E /* StudentCourseDetailsModel.swift */; };
		BF76972C27749F1D003AEE3E /* NormalQStudentCourseDetails.swift in Sources */ = {isa = PBXBuildFile; fileRef = BF76972B27749F1D003AEE3E /* NormalQStudentCourseDetails.swift */; };
		BF7C75AA277DD2DE0000C87B /* SeeChallengeVC.swift in Sources */ = {isa = PBXBuildFile; fileRef = BF7C75A9277DD2DE0000C87B /* SeeChallengeVC.swift */; };
		BF7C75B0277F1FBA0000C87B /* CourseModel.swift in Sources */ = {isa = PBXBuildFile; fileRef = BF7C75AF277F1FBA0000C87B /* CourseModel.swift */; };
		BF7C75F32781B8DE0000C87B /* User.swift in Sources */ = {isa = PBXBuildFile; fileRef = BF7C75F22781B8DE0000C87B /* User.swift */; };
		BF7C75F72781D9C80000C87B /* LectureTableViewController.swift in Sources */ = {isa = PBXBuildFile; fileRef = BF7C75F62781D9C80000C87B /* LectureTableViewController.swift */; };
		BF7C75FF2781DC8B0000C87B /* LectureModel.swift in Sources */ = {isa = PBXBuildFile; fileRef = BF7C75FE2781DC8B0000C87B /* LectureModel.swift */; };
		BF7C76012781E8E80000C87B /* LectureViewController.swift in Sources */ = {isa = PBXBuildFile; fileRef = BF7C76002781E8E80000C87B /* LectureViewController.swift */; };
		BF7C76032781F20A0000C87B /* StudentCoursesName.swift in Sources */ = {isa = PBXBuildFile; fileRef = BF7C76022781F20A0000C87B /* StudentCoursesName.swift */; };
		BF7C76052781F3BA0000C87B /* StudentTimeKindViewController.swift in Sources */ = {isa = PBXBuildFile; fileRef = BF7C76042781F3BA0000C87B /* StudentTimeKindViewController.swift */; };
		BF7C76072782023D0000C87B /* StudentCourseModel.swift in Sources */ = {isa = PBXBuildFile; fileRef = BF7C76062782023D0000C87B /* StudentCourseModel.swift */; };
		BF7C760A278309B10000C87B /* ActivateCourseVCCell.swift in Sources */ = {isa = PBXBuildFile; fileRef = BF7C7608278309B10000C87B /* ActivateCourseVCCell.swift */; };
		BF7C760B278309B10000C87B /* ActivateCourseVCCell.xib in Resources */ = {isa = PBXBuildFile; fileRef = BF7C7609278309B10000C87B /* ActivateCourseVCCell.xib */; };
		BF7C760D2783211E0000C87B /* ActivateCourseViewController.swift in Sources */ = {isa = PBXBuildFile; fileRef = BF7C760C2783211E0000C87B /* ActivateCourseViewController.swift */; };
		BF834146278D5B31009328FA /* Localizable.strings in Resources */ = {isa = PBXBuildFile; fileRef = BF834148278D5B31009328FA /* Localizable.strings */; };
		BF867C8C27673B4D00679F90 /* AppDelegate.swift in Sources */ = {isa = PBXBuildFile; fileRef = BF867C8B27673B4D00679F90 /* AppDelegate.swift */; };
		BF867C8E27673B4D00679F90 /* SceneDelegate.swift in Sources */ = {isa = PBXBuildFile; fileRef = BF867C8D27673B4D00679F90 /* SceneDelegate.swift */; };
		BF867C9327673B4D00679F90 /* Main.storyboard in Resources */ = {isa = PBXBuildFile; fileRef = BF867C9127673B4D00679F90 /* Main.storyboard */; };
		BF867C9527673B4E00679F90 /* Assets.xcassets in Resources */ = {isa = PBXBuildFile; fileRef = BF867C9427673B4E00679F90 /* Assets.xcassets */; };
		BF867C9827673B4E00679F90 /* LaunchScreen.storyboard in Resources */ = {isa = PBXBuildFile; fileRef = BF867C9627673B4E00679F90 /* LaunchScreen.storyboard */; };
		BF867CA327673B4F00679F90 /* EstaedTests.swift in Sources */ = {isa = PBXBuildFile; fileRef = BF867CA227673B4F00679F90 /* EstaedTests.swift */; };
		BF867CAE27673B4F00679F90 /* EstaedUITests.swift in Sources */ = {isa = PBXBuildFile; fileRef = BF867CAD27673B4F00679F90 /* EstaedUITests.swift */; };
		BF867CBC276776CE00679F90 /* SignUpViewController.swift in Sources */ = {isa = PBXBuildFile; fileRef = BF867CBB276776CE00679F90 /* SignUpViewController.swift */; };
		BF867CC2276777BA00679F90 /* LoginViewController.swift in Sources */ = {isa = PBXBuildFile; fileRef = BF867CBD2767775300679F90 /* LoginViewController.swift */; };
		BF867CC627678AA300679F90 /* ViewController.swift in Sources */ = {isa = PBXBuildFile; fileRef = BF867CC527678AA300679F90 /* ViewController.swift */; };
		BF867CCA27678BD500679F90 /* HomViewController.swift in Sources */ = {isa = PBXBuildFile; fileRef = BF867CC927678BD500679F90 /* HomViewController.swift */; };
		BF867D0B2767B52E00679F90 /* GoogleService-Info.plist in Resources */ = {isa = PBXBuildFile; fileRef = BF867D0A2767B52E00679F90 /* GoogleService-Info.plist */; };
		BF867D1127686E8800679F90 /* Utilities.swift in Sources */ = {isa = PBXBuildFile; fileRef = BF867D1027686E8800679F90 /* Utilities.swift */; };
		BF867D132768B15B00679F90 /* Constants.swift in Sources */ = {isa = PBXBuildFile; fileRef = BF867D122768B15B00679F90 /* Constants.swift */; };
		BF867D152768D6CF00679F90 /* TeacherCourseDetails.swift in Sources */ = {isa = PBXBuildFile; fileRef = BF867D142768D6CF00679F90 /* TeacherCourseDetails.swift */; };
		BF87CFF5276F84DF00D8AF7A /* StudentMainInterface.swift in Sources */ = {isa = PBXBuildFile; fileRef = BF87CFF4276F84DF00D8AF7A /* StudentMainInterface.swift */; };
		BF9D02C4278AC06D00A1F604 /* MyCourseCell.swift in Sources */ = {isa = PBXBuildFile; fileRef = BF9D02C2278AC06D00A1F604 /* MyCourseCell.swift */; };
		BF9D02C5278AC06D00A1F604 /* MyCourseCell.xib in Resources */ = {isa = PBXBuildFile; fileRef = BF9D02C3278AC06D00A1F604 /* MyCourseCell.xib */; };
		BF9D02C8278AD7F500A1F604 /* MyLectureCell.swift in Sources */ = {isa = PBXBuildFile; fileRef = BF9D02C6278AD7F500A1F604 /* MyLectureCell.swift */; };
		BF9D02C9278AD7F500A1F604 /* MyLectureCell.xib in Resources */ = {isa = PBXBuildFile; fileRef = BF9D02C7278AD7F500A1F604 /* MyLectureCell.xib */; };
		BF9D02CB278ADC1300A1F604 /* myLectureViewController.swift in Sources */ = {isa = PBXBuildFile; fileRef = BF9D02CA278ADC1300A1F604 /* myLectureViewController.swift */; };
		BF9D02CE278AF3A700A1F604 /* myCallengesCell.swift in Sources */ = {isa = PBXBuildFile; fileRef = BF9D02CC278AF3A600A1F604 /* myCallengesCell.swift */; };
		BF9D02CF278AF3A700A1F604 /* myCallengesCell.xib in Resources */ = {isa = PBXBuildFile; fileRef = BF9D02CD278AF3A700A1F604 /* myCallengesCell.xib */; };
		BFBFCEBD277AE9AD0065E305 /* ChallengDetailsViewController.swift in Sources */ = {isa = PBXBuildFile; fileRef = BFBFCEBC277AE9AD0065E305 /* ChallengDetailsViewController.swift */; };
		BFBFCEBF277AF7670065E305 /* ChallengAttachmentViewController.swift in Sources */ = {isa = PBXBuildFile; fileRef = BFBFCEBE277AF7670065E305 /* ChallengAttachmentViewController.swift */; };
		BFBFCEC1277B41890065E305 /* ChallengDetailsModel.swift in Sources */ = {isa = PBXBuildFile; fileRef = BFBFCEC0277B41890065E305 /* ChallengDetailsModel.swift */; };
		BFCF0089277683750085D507 /* ProfileStudent.swift in Sources */ = {isa = PBXBuildFile; fileRef = BFCF0088277683750085D507 /* ProfileStudent.swift */; };
		BFCF008B277772130085D507 /* CourseUpdateViewController.swift in Sources */ = {isa = PBXBuildFile; fileRef = BFCF008A277772130085D507 /* CourseUpdateViewController.swift */; };
		BFCF00912778B0350085D507 /* ChallengAttachmentModel.swift in Sources */ = {isa = PBXBuildFile; fileRef = BFCF00902778B0350085D507 /* ChallengAttachmentModel.swift */; };
		BFDBD4C62774B62E0020A279 /* CrashTStudentCourseDetails.swift in Sources */ = {isa = PBXBuildFile; fileRef = BFDBD4C52774B62E0020A279 /* CrashTStudentCourseDetails.swift */; };
		BFDBD4C82774C2CB0020A279 /* NormalTStudentCourseDetails.swift in Sources */ = {isa = PBXBuildFile; fileRef = BFDBD4C72774C2CB0020A279 /* NormalTStudentCourseDetails.swift */; };
		BFDBD4CA277663180020A279 /* payment.swift in Sources */ = {isa = PBXBuildFile; fileRef = BFDBD4C9277663180020A279 /* payment.swift */; };
		BFE42A0B278478B1006AEC5C /* StudentChallengeViewController.swift in Sources */ = {isa = PBXBuildFile; fileRef = BFE42A0A278478B1006AEC5C /* StudentChallengeViewController.swift */; };
		BFE42A0E27847C60006AEC5C /* StudentChallengeCell.swift in Sources */ = {isa = PBXBuildFile; fileRef = BFE42A0C27847C60006AEC5C /* StudentChallengeCell.swift */; };
		BFE42A0F27847C60006AEC5C /* StudentChallengeCell.xib in Resources */ = {isa = PBXBuildFile; fileRef = BFE42A0D27847C60006AEC5C /* StudentChallengeCell.xib */; };
		BFE42A112785D142006AEC5C /* MyCourseViewController.swift in Sources */ = {isa = PBXBuildFile; fileRef = BFE42A102785D142006AEC5C /* MyCourseViewController.swift */; };
/* End PBXBuildFile section */

/* Begin PBXContainerItemProxy section */
		BF867C9F27673B4F00679F90 /* PBXContainerItemProxy */ = {
			isa = PBXContainerItemProxy;
			containerPortal = BF867C8027673B4D00679F90 /* Project object */;
			proxyType = 1;
			remoteGlobalIDString = BF867C8727673B4D00679F90;
			remoteInfo = Estaed;
		};
		BF867CAA27673B4F00679F90 /* PBXContainerItemProxy */ = {
			isa = PBXContainerItemProxy;
			containerPortal = BF867C8027673B4D00679F90 /* Project object */;
			proxyType = 1;
			remoteGlobalIDString = BF867C8727673B4D00679F90;
			remoteInfo = Estaed;
		};
/* End PBXContainerItemProxy section */

/* Begin PBXFileReference section */
		2CCE0409F00A5BDB5434F381 /* Pods_Estaed.framework */ = {isa = PBXFileReference; explicitFileType = wrapper.framework; includeInIndex = 0; path = Pods_Estaed.framework; sourceTree = BUILT_PRODUCTS_DIR; };
		4A623C74F6650169B5D91AB6 /* Pods-Estaed.release.xcconfig */ = {isa = PBXFileReference; includeInIndex = 1; lastKnownFileType = text.xcconfig; name = "Pods-Estaed.release.xcconfig"; path = "Target Support Files/Pods-Estaed/Pods-Estaed.release.xcconfig"; sourceTree = "<group>"; };
		7235B97A6A886C3EF245667F /* Pods-Estaed.debug.xcconfig */ = {isa = PBXFileReference; includeInIndex = 1; lastKnownFileType = text.xcconfig; name = "Pods-Estaed.debug.xcconfig"; path = "Target Support Files/Pods-Estaed/Pods-Estaed.debug.xcconfig"; sourceTree = "<group>"; };
		A91461E3276A7A2100F85FC8 /* TableViewCell.swift */ = {isa = PBXFileReference; lastKnownFileType = sourcecode.swift; path = TableViewCell.swift; sourceTree = "<group>"; };
		A91461E4276A7A2100F85FC8 /* TableViewCell.xib */ = {isa = PBXFileReference; lastKnownFileType = file.xib; path = TableViewCell.xib; sourceTree = "<group>"; };
		A91461EA276A808000F85FC8 /* Constant.swift */ = {isa = PBXFileReference; lastKnownFileType = sourcecode.swift; path = Constant.swift; sourceTree = "<group>"; };
		A9AA3FB02783A2D8008D35E7 /* LectureCell.swift */ = {isa = PBXFileReference; lastKnownFileType = sourcecode.swift; path = LectureCell.swift; sourceTree = "<group>"; };
		A9AA3FB12783A2D8008D35E7 /* LectureCell.xib */ = {isa = PBXFileReference; lastKnownFileType = file.xib; path = LectureCell.xib; sourceTree = "<group>"; };
		BF05A4312768EC7100C774C5 /* InstructorsCoursesTabelViewController.swift */ = {isa = PBXFileReference; lastKnownFileType = sourcecode.swift; path = InstructorsCoursesTabelViewController.swift; sourceTree = "<group>"; };
		BF05A4332768EF5700C774C5 /* InstructorsAddCourse.swift */ = {isa = PBXFileReference; lastKnownFileType = sourcecode.swift; path = InstructorsAddCourse.swift; sourceTree = "<group>"; };
		BF0FC90B2779C97900302456 /* TableVCChallengesCell.swift */ = {isa = PBXFileReference; lastKnownFileType = sourcecode.swift; path = TableVCChallengesCell.swift; sourceTree = "<group>"; };
		BF0FC90F2779CBA700302456 /* ChallengesTableViewController.swift */ = {isa = PBXFileReference; lastKnownFileType = sourcecode.swift; path = ChallengesTableViewController.swift; sourceTree = "<group>"; };
		BF64F6C62771A77C0033FDDE /* CellProtocol.swift */ = {isa = PBXFileReference; lastKnownFileType = sourcecode.swift; path = CellProtocol.swift; sourceTree = "<group>"; };
		BF6C52BA278623180049340C /* ChallengeCell.swift */ = {isa = PBXFileReference; explicitFileType = sourcecode.swift; path = ChallengeCell.swift; sourceTree = "<group>"; };
		BF6C52BB278623180049340C /* ChallengeCell.xib */ = {isa = PBXFileReference; lastKnownFileType = file.xib; path = ChallengeCell.xib; sourceTree = "<group>"; };
		BF7697272774605D003AEE3E /* StudentCourseDetails.swift */ = {isa = PBXFileReference; lastKnownFileType = sourcecode.swift; path = StudentCourseDetails.swift; sourceTree = "<group>"; };
		BF76972927749A81003AEE3E /* StudentCourseDetailsModel.swift */ = {isa = PBXFileReference; lastKnownFileType = sourcecode.swift; path = StudentCourseDetailsModel.swift; sourceTree = "<group>"; };
		BF76972B27749F1D003AEE3E /* NormalQStudentCourseDetails.swift */ = {isa = PBXFileReference; lastKnownFileType = sourcecode.swift; path = NormalQStudentCourseDetails.swift; sourceTree = "<group>"; };
		BF7C75A9277DD2DE0000C87B /* SeeChallengeVC.swift */ = {isa = PBXFileReference; lastKnownFileType = sourcecode.swift; path = SeeChallengeVC.swift; sourceTree = "<group>"; };
		BF7C75AF277F1FBA0000C87B /* CourseModel.swift */ = {isa = PBXFileReference; fileEncoding = 4; lastKnownFileType = sourcecode.swift; path = CourseModel.swift; sourceTree = "<group>"; };
		BF7C75F22781B8DE0000C87B /* User.swift */ = {isa = PBXFileReference; lastKnownFileType = sourcecode.swift; path = User.swift; sourceTree = "<group>"; };
		BF7C75F62781D9C80000C87B /* LectureTableViewController.swift */ = {isa = PBXFileReference; lastKnownFileType = sourcecode.swift; path = LectureTableViewController.swift; sourceTree = "<group>"; };
		BF7C75FE2781DC8B0000C87B /* LectureModel.swift */ = {isa = PBXFileReference; lastKnownFileType = sourcecode.swift; path = LectureModel.swift; sourceTree = "<group>"; };
		BF7C76002781E8E80000C87B /* LectureViewController.swift */ = {isa = PBXFileReference; lastKnownFileType = sourcecode.swift; path = LectureViewController.swift; sourceTree = "<group>"; };
		BF7C76022781F20A0000C87B /* StudentCoursesName.swift */ = {isa = PBXFileReference; lastKnownFileType = sourcecode.swift; path = StudentCoursesName.swift; sourceTree = "<group>"; };
		BF7C76042781F3BA0000C87B /* StudentTimeKindViewController.swift */ = {isa = PBXFileReference; lastKnownFileType = sourcecode.swift; name = StudentTimeKindViewController.swift; path = Estaed/Controller/Student/StudentTimeKindViewController.swift; sourceTree = SOURCE_ROOT; };
		BF7C76062782023D0000C87B /* StudentCourseModel.swift */ = {isa = PBXFileReference; lastKnownFileType = sourcecode.swift; path = StudentCourseModel.swift; sourceTree = "<group>"; };
		BF7C7608278309B10000C87B /* ActivateCourseVCCell.swift */ = {isa = PBXFileReference; lastKnownFileType = sourcecode.swift; path = ActivateCourseVCCell.swift; sourceTree = "<group>"; };
		BF7C7609278309B10000C87B /* ActivateCourseVCCell.xib */ = {isa = PBXFileReference; lastKnownFileType = file.xib; path = ActivateCourseVCCell.xib; sourceTree = "<group>"; };
		BF7C760C2783211E0000C87B /* ActivateCourseViewController.swift */ = {isa = PBXFileReference; lastKnownFileType = sourcecode.swift; path = ActivateCourseViewController.swift; sourceTree = "<group>"; };
		BF834142278D5A4A009328FA /* ar */ = {isa = PBXFileReference; lastKnownFileType = text.plist.strings; name = ar; path = ar.lproj/Main.strings; sourceTree = "<group>"; };
		BF834143278D5A4A009328FA /* ar */ = {isa = PBXFileReference; lastKnownFileType = text.plist.strings; name = ar; path = ar.lproj/LaunchScreen.strings; sourceTree = "<group>"; };
		BF834147278D5B31009328FA /* en */ = {isa = PBXFileReference; lastKnownFileType = text.plist.strings; name = en; path = en.lproj/Localizable.strings; sourceTree = "<group>"; };
		BF834149278D5B3E009328FA /* ar */ = {isa = PBXFileReference; lastKnownFileType = text.plist.strings; name = ar; path = ar.lproj/Localizable.strings; sourceTree = "<group>"; };
		BF867C8827673B4D00679F90 /* Estaed.app */ = {isa = PBXFileReference; explicitFileType = wrapper.application; includeInIndex = 0; path = Estaed.app; sourceTree = BUILT_PRODUCTS_DIR; };
		BF867C8B27673B4D00679F90 /* AppDelegate.swift */ = {isa = PBXFileReference; lastKnownFileType = sourcecode.swift; path = AppDelegate.swift; sourceTree = "<group>"; };
		BF867C8D27673B4D00679F90 /* SceneDelegate.swift */ = {isa = PBXFileReference; lastKnownFileType = sourcecode.swift; path = SceneDelegate.swift; sourceTree = "<group>"; };
		BF867C9227673B4D00679F90 /* Base */ = {isa = PBXFileReference; lastKnownFileType = file.storyboard; name = Base; path = Base.lproj/Main.storyboard; sourceTree = "<group>"; };
		BF867C9427673B4E00679F90 /* Assets.xcassets */ = {isa = PBXFileReference; lastKnownFileType = folder.assetcatalog; path = Assets.xcassets; sourceTree = "<group>"; };
		BF867C9727673B4E00679F90 /* Base */ = {isa = PBXFileReference; lastKnownFileType = file.storyboard; name = Base; path = Base.lproj/LaunchScreen.storyboard; sourceTree = "<group>"; };
		BF867C9927673B4E00679F90 /* Info.plist */ = {isa = PBXFileReference; lastKnownFileType = text.plist.xml; path = Info.plist; sourceTree = "<group>"; };
		BF867C9E27673B4F00679F90 /* EstaedTests.xctest */ = {isa = PBXFileReference; explicitFileType = wrapper.cfbundle; includeInIndex = 0; path = EstaedTests.xctest; sourceTree = BUILT_PRODUCTS_DIR; };
		BF867CA227673B4F00679F90 /* EstaedTests.swift */ = {isa = PBXFileReference; lastKnownFileType = sourcecode.swift; path = EstaedTests.swift; sourceTree = "<group>"; };
		BF867CA427673B4F00679F90 /* Info.plist */ = {isa = PBXFileReference; lastKnownFileType = text.plist.xml; path = Info.plist; sourceTree = "<group>"; };
		BF867CA927673B4F00679F90 /* EstaedUITests.xctest */ = {isa = PBXFileReference; explicitFileType = wrapper.cfbundle; includeInIndex = 0; path = EstaedUITests.xctest; sourceTree = BUILT_PRODUCTS_DIR; };
		BF867CAD27673B4F00679F90 /* EstaedUITests.swift */ = {isa = PBXFileReference; lastKnownFileType = sourcecode.swift; path = EstaedUITests.swift; sourceTree = "<group>"; };
		BF867CAF27673B4F00679F90 /* Info.plist */ = {isa = PBXFileReference; lastKnownFileType = text.plist.xml; path = Info.plist; sourceTree = "<group>"; };
		BF867CBB276776CE00679F90 /* SignUpViewController.swift */ = {isa = PBXFileReference; lastKnownFileType = sourcecode.swift; path = SignUpViewController.swift; sourceTree = "<group>"; };
		BF867CBD2767775300679F90 /* LoginViewController.swift */ = {isa = PBXFileReference; lastKnownFileType = sourcecode.swift; path = LoginViewController.swift; sourceTree = "<group>"; };
		BF867CC527678AA300679F90 /* ViewController.swift */ = {isa = PBXFileReference; lastKnownFileType = sourcecode.swift; path = ViewController.swift; sourceTree = "<group>"; };
		BF867CC927678BD500679F90 /* HomViewController.swift */ = {isa = PBXFileReference; lastKnownFileType = sourcecode.swift; path = HomViewController.swift; sourceTree = "<group>"; };
		BF867D0A2767B52E00679F90 /* GoogleService-Info.plist */ = {isa = PBXFileReference; fileEncoding = 4; lastKnownFileType = text.plist.xml; path = "GoogleService-Info.plist"; sourceTree = "<group>"; };
		BF867D1027686E8800679F90 /* Utilities.swift */ = {isa = PBXFileReference; lastKnownFileType = sourcecode.swift; path = Utilities.swift; sourceTree = "<group>"; };
		BF867D122768B15B00679F90 /* Constants.swift */ = {isa = PBXFileReference; lastKnownFileType = sourcecode.swift; path = Constants.swift; sourceTree = "<group>"; };
		BF867D142768D6CF00679F90 /* TeacherCourseDetails.swift */ = {isa = PBXFileReference; lastKnownFileType = sourcecode.swift; path = TeacherCourseDetails.swift; sourceTree = "<group>"; };
		BF87CFF4276F84DF00D8AF7A /* StudentMainInterface.swift */ = {isa = PBXFileReference; lastKnownFileType = sourcecode.swift; path = StudentMainInterface.swift; sourceTree = "<group>"; };
		BF9D02C2278AC06D00A1F604 /* MyCourseCell.swift */ = {isa = PBXFileReference; lastKnownFileType = sourcecode.swift; path = MyCourseCell.swift; sourceTree = "<group>"; };
		BF9D02C3278AC06D00A1F604 /* MyCourseCell.xib */ = {isa = PBXFileReference; lastKnownFileType = file.xib; path = MyCourseCell.xib; sourceTree = "<group>"; };
		BF9D02C6278AD7F500A1F604 /* MyLectureCell.swift */ = {isa = PBXFileReference; lastKnownFileType = sourcecode.swift; path = MyLectureCell.swift; sourceTree = "<group>"; };
		BF9D02C7278AD7F500A1F604 /* MyLectureCell.xib */ = {isa = PBXFileReference; lastKnownFileType = file.xib; path = MyLectureCell.xib; sourceTree = "<group>"; };
		BF9D02CA278ADC1300A1F604 /* myLectureViewController.swift */ = {isa = PBXFileReference; lastKnownFileType = sourcecode.swift; path = myLectureViewController.swift; sourceTree = "<group>"; };
		BF9D02CC278AF3A600A1F604 /* myCallengesCell.swift */ = {isa = PBXFileReference; lastKnownFileType = sourcecode.swift; path = myCallengesCell.swift; sourceTree = "<group>"; };
		BF9D02CD278AF3A700A1F604 /* myCallengesCell.xib */ = {isa = PBXFileReference; lastKnownFileType = file.xib; path = myCallengesCell.xib; sourceTree = "<group>"; };
		BFBFCEBC277AE9AD0065E305 /* ChallengDetailsViewController.swift */ = {isa = PBXFileReference; lastKnownFileType = sourcecode.swift; path = ChallengDetailsViewController.swift; sourceTree = "<group>"; };
		BFBFCEBE277AF7670065E305 /* ChallengAttachmentViewController.swift */ = {isa = PBXFileReference; lastKnownFileType = sourcecode.swift; path = ChallengAttachmentViewController.swift; sourceTree = "<group>"; };
		BFBFCEC0277B41890065E305 /* ChallengDetailsModel.swift */ = {isa = PBXFileReference; lastKnownFileType = sourcecode.swift; path = ChallengDetailsModel.swift; sourceTree = "<group>"; };
		BFCF0088277683750085D507 /* ProfileStudent.swift */ = {isa = PBXFileReference; lastKnownFileType = sourcecode.swift; path = ProfileStudent.swift; sourceTree = "<group>"; };
		BFCF008A277772130085D507 /* CourseUpdateViewController.swift */ = {isa = PBXFileReference; lastKnownFileType = sourcecode.swift; path = CourseUpdateViewController.swift; sourceTree = "<group>"; };
		BFCF00902778B0350085D507 /* ChallengAttachmentModel.swift */ = {isa = PBXFileReference; lastKnownFileType = sourcecode.swift; path = ChallengAttachmentModel.swift; sourceTree = "<group>"; };
		BFDBD4C52774B62E0020A279 /* CrashTStudentCourseDetails.swift */ = {isa = PBXFileReference; lastKnownFileType = sourcecode.swift; path = CrashTStudentCourseDetails.swift; sourceTree = "<group>"; };
		BFDBD4C72774C2CB0020A279 /* NormalTStudentCourseDetails.swift */ = {isa = PBXFileReference; lastKnownFileType = sourcecode.swift; path = NormalTStudentCourseDetails.swift; sourceTree = "<group>"; };
		BFDBD4C9277663180020A279 /* payment.swift */ = {isa = PBXFileReference; lastKnownFileType = sourcecode.swift; path = payment.swift; sourceTree = "<group>"; };
		BFE42A0A278478B1006AEC5C /* StudentChallengeViewController.swift */ = {isa = PBXFileReference; lastKnownFileType = sourcecode.swift; path = StudentChallengeViewController.swift; sourceTree = "<group>"; };
		BFE42A0C27847C60006AEC5C /* StudentChallengeCell.swift */ = {isa = PBXFileReference; lastKnownFileType = sourcecode.swift; path = StudentChallengeCell.swift; sourceTree = "<group>"; };
		BFE42A0D27847C60006AEC5C /* StudentChallengeCell.xib */ = {isa = PBXFileReference; lastKnownFileType = file.xib; path = StudentChallengeCell.xib; sourceTree = "<group>"; };
		BFE42A102785D142006AEC5C /* MyCourseViewController.swift */ = {isa = PBXFileReference; lastKnownFileType = sourcecode.swift; path = MyCourseViewController.swift; sourceTree = "<group>"; };
/* End PBXFileReference section */

/* Begin PBXFrameworksBuildPhase section */
		BF867C8527673B4D00679F90 /* Frameworks */ = {
			isa = PBXFrameworksBuildPhase;
			buildActionMask = 2147483647;
			files = (
				172CD39986230DEA28E0E477 /* Pods_Estaed.framework in Frameworks */,
			);
			runOnlyForDeploymentPostprocessing = 0;
		};
		BF867C9B27673B4F00679F90 /* Frameworks */ = {
			isa = PBXFrameworksBuildPhase;
			buildActionMask = 2147483647;
			files = (
			);
			runOnlyForDeploymentPostprocessing = 0;
		};
		BF867CA627673B4F00679F90 /* Frameworks */ = {
			isa = PBXFrameworksBuildPhase;
			buildActionMask = 2147483647;
			files = (
			);
			runOnlyForDeploymentPostprocessing = 0;
		};
/* End PBXFrameworksBuildPhase section */

/* Begin PBXGroup section */
		56BFFFA0583F6F55151D0775 /* Frameworks */ = {
			isa = PBXGroup;
			children = (
				2CCE0409F00A5BDB5434F381 /* Pods_Estaed.framework */,
			);
			name = Frameworks;
			sourceTree = "<group>";
		};
		A91461E9276A806700F85FC8 /* Constant */ = {
			isa = PBXGroup;
			children = (
				A91461EA276A808000F85FC8 /* Constant.swift */,
			);
			path = Constant;
			sourceTree = "<group>";
		};
		BF7C75AB277F1C970000C87B /* view */ = {
			isa = PBXGroup;
			children = (
				A91461E4276A7A2100F85FC8 /* TableViewCell.xib */,
				BF9D02CC278AF3A600A1F604 /* myCallengesCell.swift */,
				BF9D02CD278AF3A700A1F604 /* myCallengesCell.xib */,
				BF867C9127673B4D00679F90 /* Main.storyboard */,
				BF9D02CA278ADC1300A1F604 /* myLectureViewController.swift */,
				BF9D02C6278AD7F500A1F604 /* MyLectureCell.swift */,
				BF9D02C7278AD7F500A1F604 /* MyLectureCell.xib */,
				BF9D02C2278AC06D00A1F604 /* MyCourseCell.swift */,
				BF9D02C3278AC06D00A1F604 /* MyCourseCell.xib */,
				BFE42A102785D142006AEC5C /* MyCourseViewController.swift */,
				BF7C75F62781D9C80000C87B /* LectureTableViewController.swift */,
				A9AA3FB02783A2D8008D35E7 /* LectureCell.swift */,
				A9AA3FB12783A2D8008D35E7 /* LectureCell.xib */,
				BFE42A0C27847C60006AEC5C /* StudentChallengeCell.swift */,
				BFE42A0D27847C60006AEC5C /* StudentChallengeCell.xib */,
				BF6C52BA278623180049340C /* ChallengeCell.swift */,
				BF6C52BB278623180049340C /* ChallengeCell.xib */,
			);
			path = view;
			sourceTree = "<group>";
		};
		BF7C75AC277F1CFC0000C87B /* Estaed_academy  */ = {
			isa = PBXGroup;
			children = (
			);
			path = "Estaed_academy ";
			sourceTree = "<group>";
		};
		BF7C75AD277F1D060000C87B /* Instructors */ = {
			isa = PBXGroup;
			children = (
				BFCF008A277772130085D507 /* CourseUpdateViewController.swift */,
				BFBFCEBE277AF7670065E305 /* ChallengAttachmentViewController.swift */,
				BF05A4332768EF5700C774C5 /* InstructorsAddCourse.swift */,
				BF0FC90F2779CBA700302456 /* ChallengesTableViewController.swift */,
				BFBFCEBC277AE9AD0065E305 /* ChallengDetailsViewController.swift */,
				A91461E3276A7A2100F85FC8 /* TableViewCell.swift */,
				BF05A4312768EC7100C774C5 /* InstructorsCoursesTabelViewController.swift */,
			);
			path = Instructors;
			sourceTree = "<group>";
		};
		BF7C75AE277F1D180000C87B /* Student */ = {
			isa = PBXGroup;
			children = (
				BF7C76042781F3BA0000C87B /* StudentTimeKindViewController.swift */,
				BF76972B27749F1D003AEE3E /* NormalQStudentCourseDetails.swift */,
				BFDBD4C72774C2CB0020A279 /* NormalTStudentCourseDetails.swift */,
				BF7697272774605D003AEE3E /* StudentCourseDetails.swift */,
				BFDBD4C52774B62E0020A279 /* CrashTStudentCourseDetails.swift */,
				BFDBD4C9277663180020A279 /* payment.swift */,
				BFCF0088277683750085D507 /* ProfileStudent.swift */,
				BFE42A0A278478B1006AEC5C /* StudentChallengeViewController.swift */,
			);
			path = Student;
			sourceTree = "<group>";
		};
		BF7C75B1277F3B2C0000C87B /* Auth */ = {
			isa = PBXGroup;
			children = (
				BF867CBB276776CE00679F90 /* SignUpViewController.swift */,
				BF867CBD2767775300679F90 /* LoginViewController.swift */,
			);
			path = Auth;
			sourceTree = "<group>";
		};
		BF7C75B22781A1D20000C87B /* Student_model */ = {
			isa = PBXGroup;
			children = (
				BF76972927749A81003AEE3E /* StudentCourseDetailsModel.swift */,
				BF867C8D27673B4D00679F90 /* SceneDelegate.swift */,
				BF7C76062782023D0000C87B /* StudentCourseModel.swift */,
			);
			path = Student_model;
			sourceTree = "<group>";
		};
		BF7C75B32781A2040000C87B /* Instructors_model */ = {
			isa = PBXGroup;
			children = (
				BF7C75AF277F1FBA0000C87B /* CourseModel.swift */,
				BFBFCEC0277B41890065E305 /* ChallengDetailsModel.swift */,
				BFCF00902778B0350085D507 /* ChallengAttachmentModel.swift */,
				BF7C76002781E8E80000C87B /* LectureViewController.swift */,
				BF7C75FE2781DC8B0000C87B /* LectureModel.swift */,
			);
			path = Instructors_model;
			sourceTree = "<group>";
		};
		BF7C75B42781A21A0000C87B /* Estaed_academy _model */ = {
			isa = PBXGroup;
			children = (
				BF7C7608278309B10000C87B /* ActivateCourseVCCell.swift */,
				BF7C7609278309B10000C87B /* ActivateCourseVCCell.xib */,
				BF7C760C2783211E0000C87B /* ActivateCourseViewController.swift */,
			);
			path = "Estaed_academy _model";
			sourceTree = "<group>";
		};
		BF7C75F12781B8AA0000C87B /* User_model */ = {
			isa = PBXGroup;
			children = (
				BF7C75F22781B8DE0000C87B /* User.swift */,
			);
			path = User_model;
			sourceTree = "<group>";
		};
		BF867C7F27673B4D00679F90 = {
			isa = PBXGroup;
			children = (
				BF867C8A27673B4D00679F90 /* Estaed */,
				BF867CA127673B4F00679F90 /* EstaedTests */,
				BF867CAC27673B4F00679F90 /* EstaedUITests */,
				BF867C8927673B4D00679F90 /* Products */,
				CAB672241B21B87814606547 /* Pods */,
				56BFFFA0583F6F55151D0775 /* Frameworks */,
			);
			sourceTree = "<group>";
		};
		BF867C8927673B4D00679F90 /* Products */ = {
			isa = PBXGroup;
			children = (
				BF867C8827673B4D00679F90 /* Estaed.app */,
				BF867C9E27673B4F00679F90 /* EstaedTests.xctest */,
				BF867CA927673B4F00679F90 /* EstaedUITests.xctest */,
			);
			name = Products;
			sourceTree = "<group>";
		};
		BF867C8A27673B4D00679F90 /* Estaed */ = {
			isa = PBXGroup;
			children = (
				BF7C75AB277F1C970000C87B /* view */,
				A91461E9276A806700F85FC8 /* Constant */,
				BF867D0F27686E3700679F90 /* Helpers */,
				BF867D0C2767B84500679F90 /* Model */,
				BF867C8B27673B4D00679F90 /* AppDelegate.swift */,
				BF867CC12767778700679F90 /* Controller */,
				BF7C75A9277DD2DE0000C87B /* SeeChallengeVC.swift */,
				BF87CFF4276F84DF00D8AF7A /* StudentMainInterface.swift */,
				BF867C9427673B4E00679F90 /* Assets.xcassets */,
				BF867C9627673B4E00679F90 /* LaunchScreen.storyboard */,
				BF867D0A2767B52E00679F90 /* GoogleService-Info.plist */,
				BF867C9927673B4E00679F90 /* Info.plist */,
				BF834148278D5B31009328FA /* Localizable.strings */,
			);
			path = Estaed;
			sourceTree = "<group>";
		};
		BF867CA127673B4F00679F90 /* EstaedTests */ = {
			isa = PBXGroup;
			children = (
				BF867CA227673B4F00679F90 /* EstaedTests.swift */,
				BF867CA427673B4F00679F90 /* Info.plist */,
			);
			path = EstaedTests;
			sourceTree = "<group>";
		};
		BF867CAC27673B4F00679F90 /* EstaedUITests */ = {
			isa = PBXGroup;
			children = (
				BF867CAD27673B4F00679F90 /* EstaedUITests.swift */,
				BF867CAF27673B4F00679F90 /* Info.plist */,
			);
			path = EstaedUITests;
			sourceTree = "<group>";
		};
		BF867CC12767778700679F90 /* Controller */ = {
			isa = PBXGroup;
			children = (
				BF7C75B1277F3B2C0000C87B /* Auth */,
				BF7C75AE277F1D180000C87B /* Student */,
				BF7C75AC277F1CFC0000C87B /* Estaed_academy  */,
				BF7C75AD277F1D060000C87B /* Instructors */,
				BF867CC527678AA300679F90 /* ViewController.swift */,
				BF867CC927678BD500679F90 /* HomViewController.swift */,
				BF64F6C62771A77C0033FDDE /* CellProtocol.swift */,
				BF0FC90B2779C97900302456 /* TableVCChallengesCell.swift */,
				BF867D142768D6CF00679F90 /* TeacherCourseDetails.swift */,
				BF7C76022781F20A0000C87B /* StudentCoursesName.swift */,
			);
			path = Controller;
			sourceTree = "<group>";
		};
		BF867D0C2767B84500679F90 /* Model */ = {
			isa = PBXGroup;
			children = (
				BF7C75F12781B8AA0000C87B /* User_model */,
				BF7C75B42781A21A0000C87B /* Estaed_academy _model */,
				BF7C75B32781A2040000C87B /* Instructors_model */,
				BF7C75B22781A1D20000C87B /* Student_model */,
			);
			path = Model;
			sourceTree = "<group>";
		};
		BF867D0F27686E3700679F90 /* Helpers */ = {
			isa = PBXGroup;
			children = (
				BF867D1027686E8800679F90 /* Utilities.swift */,
				BF867D122768B15B00679F90 /* Constants.swift */,
			);
			path = Helpers;
			sourceTree = "<group>";
		};
		CAB672241B21B87814606547 /* Pods */ = {
			isa = PBXGroup;
			children = (
				7235B97A6A886C3EF245667F /* Pods-Estaed.debug.xcconfig */,
				4A623C74F6650169B5D91AB6 /* Pods-Estaed.release.xcconfig */,
			);
			path = Pods;
			sourceTree = "<group>";
		};
/* End PBXGroup section */

/* Begin PBXNativeTarget section */
		BF867C8727673B4D00679F90 /* Estaed */ = {
			isa = PBXNativeTarget;
			buildConfigurationList = BF867CB227673B4F00679F90 /* Build configuration list for PBXNativeTarget "Estaed" */;
			buildPhases = (
				F6C657BB7C6AD653D6E96294 /* [CP] Check Pods Manifest.lock */,
				BF867C8427673B4D00679F90 /* Sources */,
				BF867C8527673B4D00679F90 /* Frameworks */,
				BF867C8627673B4D00679F90 /* Resources */,
				24D4B4F03E7E2FB0077ED24F /* [CP] Embed Pods Frameworks */,
			);
			buildRules = (
			);
			dependencies = (
			);
			name = Estaed;
			productName = Estaed;
			productReference = BF867C8827673B4D00679F90 /* Estaed.app */;
			productType = "com.apple.product-type.application";
		};
		BF867C9D27673B4F00679F90 /* EstaedTests */ = {
			isa = PBXNativeTarget;
			buildConfigurationList = BF867CB527673B4F00679F90 /* Build configuration list for PBXNativeTarget "EstaedTests" */;
			buildPhases = (
				BF867C9A27673B4F00679F90 /* Sources */,
				BF867C9B27673B4F00679F90 /* Frameworks */,
				BF867C9C27673B4F00679F90 /* Resources */,
			);
			buildRules = (
			);
			dependencies = (
				BF867CA027673B4F00679F90 /* PBXTargetDependency */,
			);
			name = EstaedTests;
			productName = EstaedTests;
			productReference = BF867C9E27673B4F00679F90 /* EstaedTests.xctest */;
			productType = "com.apple.product-type.bundle.unit-test";
		};
		BF867CA827673B4F00679F90 /* EstaedUITests */ = {
			isa = PBXNativeTarget;
			buildConfigurationList = BF867CB827673B4F00679F90 /* Build configuration list for PBXNativeTarget "EstaedUITests" */;
			buildPhases = (
				BF867CA527673B4F00679F90 /* Sources */,
				BF867CA627673B4F00679F90 /* Frameworks */,
				BF867CA727673B4F00679F90 /* Resources */,
			);
			buildRules = (
			);
			dependencies = (
				BF867CAB27673B4F00679F90 /* PBXTargetDependency */,
			);
			name = EstaedUITests;
			productName = EstaedUITests;
			productReference = BF867CA927673B4F00679F90 /* EstaedUITests.xctest */;
			productType = "com.apple.product-type.bundle.ui-testing";
		};
/* End PBXNativeTarget section */

/* Begin PBXProject section */
		BF867C8027673B4D00679F90 /* Project object */ = {
			isa = PBXProject;
			attributes = {
				LastSwiftUpdateCheck = 1250;
				LastUpgradeCheck = 1250;
				TargetAttributes = {
					BF867C8727673B4D00679F90 = {
						CreatedOnToolsVersion = 12.5;
					};
					BF867C9D27673B4F00679F90 = {
						CreatedOnToolsVersion = 12.5;
						TestTargetID = BF867C8727673B4D00679F90;
					};
					BF867CA827673B4F00679F90 = {
						CreatedOnToolsVersion = 12.5;
						TestTargetID = BF867C8727673B4D00679F90;
					};
				};
			};
			buildConfigurationList = BF867C8327673B4D00679F90 /* Build configuration list for PBXProject "Estaed" */;
			compatibilityVersion = "Xcode 9.3";
			developmentRegion = en;
			hasScannedForEncodings = 0;
			knownRegions = (
				en,
				Base,
				ar,
			);
			mainGroup = BF867C7F27673B4D00679F90;
			productRefGroup = BF867C8927673B4D00679F90 /* Products */;
			projectDirPath = "";
			projectRoot = "";
			targets = (
				BF867C8727673B4D00679F90 /* Estaed */,
				BF867C9D27673B4F00679F90 /* EstaedTests */,
				BF867CA827673B4F00679F90 /* EstaedUITests */,
			);
		};
/* End PBXProject section */

/* Begin PBXResourcesBuildPhase section */
		BF867C8627673B4D00679F90 /* Resources */ = {
			isa = PBXResourcesBuildPhase;
			buildActionMask = 2147483647;
			files = (
				BF9D02C5278AC06D00A1F604 /* MyCourseCell.xib in Resources */,
				BF9D02C9278AD7F500A1F604 /* MyLectureCell.xib in Resources */,
				BF867C9827673B4E00679F90 /* LaunchScreen.storyboard in Resources */,
				A91461E6276A7A2100F85FC8 /* TableViewCell.xib in Resources */,
				BF9D02CF278AF3A700A1F604 /* myCallengesCell.xib in Resources */,
				BFE42A0F27847C60006AEC5C /* StudentChallengeCell.xib in Resources */,
				BF867C9527673B4E00679F90 /* Assets.xcassets in Resources */,
				BF7C760B278309B10000C87B /* ActivateCourseVCCell.xib in Resources */,
				A9AA3FB32783A2D9008D35E7 /* LectureCell.xib in Resources */,
				BF834146278D5B31009328FA /* Localizable.strings in Resources */,
				BF867C9327673B4D00679F90 /* Main.storyboard in Resources */,
				BF6C52BD278623180049340C /* ChallengeCell.xib in Resources */,
				BF867D0B2767B52E00679F90 /* GoogleService-Info.plist in Resources */,
			);
			runOnlyForDeploymentPostprocessing = 0;
		};
		BF867C9C27673B4F00679F90 /* Resources */ = {
			isa = PBXResourcesBuildPhase;
			buildActionMask = 2147483647;
			files = (
			);
			runOnlyForDeploymentPostprocessing = 0;
		};
		BF867CA727673B4F00679F90 /* Resources */ = {
			isa = PBXResourcesBuildPhase;
			buildActionMask = 2147483647;
			files = (
			);
			runOnlyForDeploymentPostprocessing = 0;
		};
/* End PBXResourcesBuildPhase section */

/* Begin PBXShellScriptBuildPhase section */
		24D4B4F03E7E2FB0077ED24F /* [CP] Embed Pods Frameworks */ = {
			isa = PBXShellScriptBuildPhase;
			buildActionMask = 2147483647;
			files = (
			);
			inputFileListPaths = (
				"${PODS_ROOT}/Target Support Files/Pods-Estaed/Pods-Estaed-frameworks-${CONFIGURATION}-input-files.xcfilelist",
			);
			name = "[CP] Embed Pods Frameworks";
			outputFileListPaths = (
				"${PODS_ROOT}/Target Support Files/Pods-Estaed/Pods-Estaed-frameworks-${CONFIGURATION}-output-files.xcfilelist",
			);
			runOnlyForDeploymentPostprocessing = 0;
			shellPath = /bin/sh;
			shellScript = "\"${PODS_ROOT}/Target Support Files/Pods-Estaed/Pods-Estaed-frameworks.sh\"\n";
			showEnvVarsInLog = 0;
		};
		F6C657BB7C6AD653D6E96294 /* [CP] Check Pods Manifest.lock */ = {
			isa = PBXShellScriptBuildPhase;
			buildActionMask = 2147483647;
			files = (
			);
			inputFileListPaths = (
			);
			inputPaths = (
				"${PODS_PODFILE_DIR_PATH}/Podfile.lock",
				"${PODS_ROOT}/Manifest.lock",
			);
			name = "[CP] Check Pods Manifest.lock";
			outputFileListPaths = (
			);
			outputPaths = (
				"$(DERIVED_FILE_DIR)/Pods-Estaed-checkManifestLockResult.txt",
			);
			runOnlyForDeploymentPostprocessing = 0;
			shellPath = /bin/sh;
			shellScript = "diff \"${PODS_PODFILE_DIR_PATH}/Podfile.lock\" \"${PODS_ROOT}/Manifest.lock\" > /dev/null\nif [ $? != 0 ] ; then\n    # print error to STDERR\n    echo \"error: The sandbox is not in sync with the Podfile.lock. Run 'pod install' or update your CocoaPods installation.\" >&2\n    exit 1\nfi\n# This output is used by Xcode 'outputs' to avoid re-running this script phase.\necho \"SUCCESS\" > \"${SCRIPT_OUTPUT_FILE_0}\"\n";
			showEnvVarsInLog = 0;
		};
/* End PBXShellScriptBuildPhase section */

/* Begin PBXSourcesBuildPhase section */
		BF867C8427673B4D00679F90 /* Sources */ = {
			isa = PBXSourcesBuildPhase;
			buildActionMask = 2147483647;
			files = (
				BF7C760A278309B10000C87B /* ActivateCourseVCCell.swift in Sources */,
				BF9D02CE278AF3A700A1F604 /* myCallengesCell.swift in Sources */,
				BF867CC627678AA300679F90 /* ViewController.swift in Sources */,
				BF76972A27749A81003AEE3E /* StudentCourseDetailsModel.swift in Sources */,
				BF05A4322768EC7100C774C5 /* InstructorsCoursesTabelViewController.swift in Sources */,
				BF0FC9102779CBA700302456 /* ChallengesTableViewController.swift in Sources */,
				BF7C75F32781B8DE0000C87B /* User.swift in Sources */,
				BF7C75F72781D9C80000C87B /* LectureTableViewController.swift in Sources */,
				BF87CFF5276F84DF00D8AF7A /* StudentMainInterface.swift in Sources */,
				BF76972C27749F1D003AEE3E /* NormalQStudentCourseDetails.swift in Sources */,
				A9AA3FB22783A2D8008D35E7 /* LectureCell.swift in Sources */,
				BFE42A0B278478B1006AEC5C /* StudentChallengeViewController.swift in Sources */,
				BFDBD4C82774C2CB0020A279 /* NormalTStudentCourseDetails.swift in Sources */,
				BF867CC2276777BA00679F90 /* LoginViewController.swift in Sources */,
				A91461EB276A808000F85FC8 /* Constant.swift in Sources */,
				BF7C76052781F3BA0000C87B /* StudentTimeKindViewController.swift in Sources */,
				BFCF00912778B0350085D507 /* ChallengAttachmentModel.swift in Sources */,
				BF7C76012781E8E80000C87B /* LectureViewController.swift in Sources */,
				BF05A4342768EF5700C774C5 /* InstructorsAddCourse.swift in Sources */,
				BF7C75AA277DD2DE0000C87B /* SeeChallengeVC.swift in Sources */,
				BFBFCEBD277AE9AD0065E305 /* ChallengDetailsViewController.swift in Sources */,
				BF7C76072782023D0000C87B /* StudentCourseModel.swift in Sources */,
				BF7C75B0277F1FBA0000C87B /* CourseModel.swift in Sources */,
				BF7C75FF2781DC8B0000C87B /* LectureModel.swift in Sources */,
				BFCF0089277683750085D507 /* ProfileStudent.swift in Sources */,
				A91461E5276A7A2100F85FC8 /* TableViewCell.swift in Sources */,
				BFBFCEC1277B41890065E305 /* ChallengDetailsModel.swift in Sources */,
				BF9D02CB278ADC1300A1F604 /* myLectureViewController.swift in Sources */,
				BF64F6C72771A77C0033FDDE /* CellProtocol.swift in Sources */,
				BF867C8C27673B4D00679F90 /* AppDelegate.swift in Sources */,
				BF867CBC276776CE00679F90 /* SignUpViewController.swift in Sources */,
				BFBFCEBF277AF7670065E305 /* ChallengAttachmentViewController.swift in Sources */,
				BFDBD4CA277663180020A279 /* payment.swift in Sources */,
				BF7C760D2783211E0000C87B /* ActivateCourseViewController.swift in Sources */,
				BF867C8E27673B4D00679F90 /* SceneDelegate.swift in Sources */,
				BFE42A112785D142006AEC5C /* MyCourseViewController.swift in Sources */,
				BF867D152768D6CF00679F90 /* TeacherCourseDetails.swift in Sources */,
				BFDBD4C62774B62E0020A279 /* CrashTStudentCourseDetails.swift in Sources */,
				BF867CCA27678BD500679F90 /* HomViewController.swift in Sources */,
				BF9D02C4278AC06D00A1F604 /* MyCourseCell.swift in Sources */,
				BF7C76032781F20A0000C87B /* StudentCoursesName.swift in Sources */,
				BF9D02C8278AD7F500A1F604 /* MyLectureCell.swift in Sources */,
				BF0FC90D2779C97900302456 /* TableVCChallengesCell.swift in Sources */,
				BF867D1127686E8800679F90 /* Utilities.swift in Sources */,
				BF6C52BC278623180049340C /* ChallengeCell.swift in Sources */,
				BFCF008B277772130085D507 /* CourseUpdateViewController.swift in Sources */,
				BFE42A0E27847C60006AEC5C /* StudentChallengeCell.swift in Sources */,
				BF867D132768B15B00679F90 /* Constants.swift in Sources */,
				BF7697282774605D003AEE3E /* StudentCourseDetails.swift in Sources */,
			);
			runOnlyForDeploymentPostprocessing = 0;
		};
		BF867C9A27673B4F00679F90 /* Sources */ = {
			isa = PBXSourcesBuildPhase;
			buildActionMask = 2147483647;
			files = (
				BF867CA327673B4F00679F90 /* EstaedTests.swift in Sources */,
			);
			runOnlyForDeploymentPostprocessing = 0;
		};
		BF867CA527673B4F00679F90 /* Sources */ = {
			isa = PBXSourcesBuildPhase;
			buildActionMask = 2147483647;
			files = (
				BF867CAE27673B4F00679F90 /* EstaedUITests.swift in Sources */,
			);
			runOnlyForDeploymentPostprocessing = 0;
		};
/* End PBXSourcesBuildPhase section */

/* Begin PBXTargetDependency section */
		BF867CA027673B4F00679F90 /* PBXTargetDependency */ = {
			isa = PBXTargetDependency;
			target = BF867C8727673B4D00679F90 /* Estaed */;
			targetProxy = BF867C9F27673B4F00679F90 /* PBXContainerItemProxy */;
		};
		BF867CAB27673B4F00679F90 /* PBXTargetDependency */ = {
			isa = PBXTargetDependency;
			target = BF867C8727673B4D00679F90 /* Estaed */;
			targetProxy = BF867CAA27673B4F00679F90 /* PBXContainerItemProxy */;
		};
/* End PBXTargetDependency section */

/* Begin PBXVariantGroup section */
		BF834148278D5B31009328FA /* Localizable.strings */ = {
			isa = PBXVariantGroup;
			children = (
				BF834147278D5B31009328FA /* en */,
				BF834149278D5B3E009328FA /* ar */,
			);
			name = Localizable.strings;
			sourceTree = "<group>";
		};
		BF867C9127673B4D00679F90 /* Main.storyboard */ = {
			isa = PBXVariantGroup;
			children = (
				BF867C9227673B4D00679F90 /* Base */,
				BF834142278D5A4A009328FA /* ar */,
			);
			name = Main.storyboard;
			sourceTree = "<group>";
		};
		BF867C9627673B4E00679F90 /* LaunchScreen.storyboard */ = {
			isa = PBXVariantGroup;
			children = (
				BF867C9727673B4E00679F90 /* Base */,
				BF834143278D5A4A009328FA /* ar */,
			);
			name = LaunchScreen.storyboard;
			sourceTree = "<group>";
		};
/* End PBXVariantGroup section */

/* Begin XCBuildConfiguration section */
		BF867CB027673B4F00679F90 /* Debug */ = {
			isa = XCBuildConfiguration;
			buildSettings = {
				ALWAYS_SEARCH_USER_PATHS = NO;
				CLANG_ANALYZER_LOCALIZABILITY_NONLOCALIZED = YES;
				CLANG_ANALYZER_NONNULL = YES;
				CLANG_ANALYZER_NUMBER_OBJECT_CONVERSION = YES_AGGRESSIVE;
				CLANG_CXX_LANGUAGE_STANDARD = "gnu++14";
				CLANG_CXX_LIBRARY = "libc++";
				CLANG_ENABLE_MODULES = YES;
				CLANG_ENABLE_OBJC_ARC = YES;
				CLANG_ENABLE_OBJC_WEAK = YES;
				CLANG_WARN_BLOCK_CAPTURE_AUTORELEASING = YES;
				CLANG_WARN_BOOL_CONVERSION = YES;
				CLANG_WARN_COMMA = YES;
				CLANG_WARN_CONSTANT_CONVERSION = YES;
				CLANG_WARN_DEPRECATED_OBJC_IMPLEMENTATIONS = YES;
				CLANG_WARN_DIRECT_OBJC_ISA_USAGE = YES_ERROR;
				CLANG_WARN_DOCUMENTATION_COMMENTS = YES;
				CLANG_WARN_EMPTY_BODY = YES;
				CLANG_WARN_ENUM_CONVERSION = YES;
				CLANG_WARN_INFINITE_RECURSION = YES;
				CLANG_WARN_INT_CONVERSION = YES;
				CLANG_WARN_NON_LITERAL_NULL_CONVERSION = YES;
				CLANG_WARN_OBJC_IMPLICIT_RETAIN_SELF = YES;
				CLANG_WARN_OBJC_LITERAL_CONVERSION = YES;
				CLANG_WARN_OBJC_ROOT_CLASS = YES_ERROR;
				CLANG_WARN_QUOTED_INCLUDE_IN_FRAMEWORK_HEADER = YES;
				CLANG_WARN_RANGE_LOOP_ANALYSIS = YES;
				CLANG_WARN_STRICT_PROTOTYPES = YES;
				CLANG_WARN_SUSPICIOUS_MOVE = YES;
				CLANG_WARN_UNGUARDED_AVAILABILITY = YES_AGGRESSIVE;
				CLANG_WARN_UNREACHABLE_CODE = YES;
				CLANG_WARN__DUPLICATE_METHOD_MATCH = YES;
				COPY_PHASE_STRIP = NO;
				DEBUG_INFORMATION_FORMAT = dwarf;
				ENABLE_STRICT_OBJC_MSGSEND = YES;
				ENABLE_TESTABILITY = YES;
				GCC_C_LANGUAGE_STANDARD = gnu11;
				GCC_DYNAMIC_NO_PIC = NO;
				GCC_NO_COMMON_BLOCKS = YES;
				GCC_OPTIMIZATION_LEVEL = 0;
				GCC_PREPROCESSOR_DEFINITIONS = (
					"DEBUG=1",
					"$(inherited)",
				);
				GCC_WARN_64_TO_32_BIT_CONVERSION = YES;
				GCC_WARN_ABOUT_RETURN_TYPE = YES_ERROR;
				GCC_WARN_UNDECLARED_SELECTOR = YES;
				GCC_WARN_UNINITIALIZED_AUTOS = YES_AGGRESSIVE;
				GCC_WARN_UNUSED_FUNCTION = YES;
				GCC_WARN_UNUSED_VARIABLE = YES;
				IPHONEOS_DEPLOYMENT_TARGET = 14.5;
				MTL_ENABLE_DEBUG_INFO = INCLUDE_SOURCE;
				MTL_FAST_MATH = YES;
				ONLY_ACTIVE_ARCH = YES;
				SDKROOT = iphoneos;
				SWIFT_ACTIVE_COMPILATION_CONDITIONS = DEBUG;
				SWIFT_OPTIMIZATION_LEVEL = "-Onone";
			};
			name = Debug;
		};
		BF867CB127673B4F00679F90 /* Release */ = {
			isa = XCBuildConfiguration;
			buildSettings = {
				ALWAYS_SEARCH_USER_PATHS = NO;
				CLANG_ANALYZER_LOCALIZABILITY_NONLOCALIZED = YES;
				CLANG_ANALYZER_NONNULL = YES;
				CLANG_ANALYZER_NUMBER_OBJECT_CONVERSION = YES_AGGRESSIVE;
				CLANG_CXX_LANGUAGE_STANDARD = "gnu++14";
				CLANG_CXX_LIBRARY = "libc++";
				CLANG_ENABLE_MODULES = YES;
				CLANG_ENABLE_OBJC_ARC = YES;
				CLANG_ENABLE_OBJC_WEAK = YES;
				CLANG_WARN_BLOCK_CAPTURE_AUTORELEASING = YES;
				CLANG_WARN_BOOL_CONVERSION = YES;
				CLANG_WARN_COMMA = YES;
				CLANG_WARN_CONSTANT_CONVERSION = YES;
				CLANG_WARN_DEPRECATED_OBJC_IMPLEMENTATIONS = YES;
				CLANG_WARN_DIRECT_OBJC_ISA_USAGE = YES_ERROR;
				CLANG_WARN_DOCUMENTATION_COMMENTS = YES;
				CLANG_WARN_EMPTY_BODY = YES;
				CLANG_WARN_ENUM_CONVERSION = YES;
				CLANG_WARN_INFINITE_RECURSION = YES;
				CLANG_WARN_INT_CONVERSION = YES;
				CLANG_WARN_NON_LITERAL_NULL_CONVERSION = YES;
				CLANG_WARN_OBJC_IMPLICIT_RETAIN_SELF = YES;
				CLANG_WARN_OBJC_LITERAL_CONVERSION = YES;
				CLANG_WARN_OBJC_ROOT_CLASS = YES_ERROR;
				CLANG_WARN_QUOTED_INCLUDE_IN_FRAMEWORK_HEADER = YES;
				CLANG_WARN_RANGE_LOOP_ANALYSIS = YES;
				CLANG_WARN_STRICT_PROTOTYPES = YES;
				CLANG_WARN_SUSPICIOUS_MOVE = YES;
				CLANG_WARN_UNGUARDED_AVAILABILITY = YES_AGGRESSIVE;
				CLANG_WARN_UNREACHABLE_CODE = YES;
				CLANG_WARN__DUPLICATE_METHOD_MATCH = YES;
				COPY_PHASE_STRIP = NO;
				DEBUG_INFORMATION_FORMAT = "dwarf-with-dsym";
				ENABLE_NS_ASSERTIONS = NO;
				ENABLE_STRICT_OBJC_MSGSEND = YES;
				GCC_C_LANGUAGE_STANDARD = gnu11;
				GCC_NO_COMMON_BLOCKS = YES;
				GCC_WARN_64_TO_32_BIT_CONVERSION = YES;
				GCC_WARN_ABOUT_RETURN_TYPE = YES_ERROR;
				GCC_WARN_UNDECLARED_SELECTOR = YES;
				GCC_WARN_UNINITIALIZED_AUTOS = YES_AGGRESSIVE;
				GCC_WARN_UNUSED_FUNCTION = YES;
				GCC_WARN_UNUSED_VARIABLE = YES;
				IPHONEOS_DEPLOYMENT_TARGET = 14.5;
				MTL_ENABLE_DEBUG_INFO = NO;
				MTL_FAST_MATH = YES;
				SDKROOT = iphoneos;
				SWIFT_COMPILATION_MODE = wholemodule;
				SWIFT_OPTIMIZATION_LEVEL = "-O";
				VALIDATE_PRODUCT = YES;
			};
			name = Release;
		};
		BF867CB327673B4F00679F90 /* Debug */ = {
			isa = XCBuildConfiguration;
			baseConfigurationReference = 7235B97A6A886C3EF245667F /* Pods-Estaed.debug.xcconfig */;
			buildSettings = {
				ASSETCATALOG_COMPILER_APPICON_NAME = AppIcon;
				ASSETCATALOG_COMPILER_GLOBAL_ACCENT_COLOR_NAME = AccentColor;
				CODE_SIGN_STYLE = Automatic;
				DEVELOPMENT_TEAM = 8CVXW7BRYZ;
				INFOPLIST_FILE = Estaed/Info.plist;
				LD_RUNPATH_SEARCH_PATHS = (
					"$(inherited)",
					"@executable_path/Frameworks",
				);
				PRODUCT_BUNDLE_IDENTIFIER = com.example.Estaed;
				PRODUCT_NAME = "$(TARGET_NAME)";
				SWIFT_VERSION = 5.0;
				TARGETED_DEVICE_FAMILY = "1,2";
			};
			name = Debug;
		};
		BF867CB427673B4F00679F90 /* Release */ = {
			isa = XCBuildConfiguration;
			baseConfigurationReference = 4A623C74F6650169B5D91AB6 /* Pods-Estaed.release.xcconfig */;
			buildSettings = {
				ASSETCATALOG_COMPILER_APPICON_NAME = AppIcon;
				ASSETCATALOG_COMPILER_GLOBAL_ACCENT_COLOR_NAME = AccentColor;
				CODE_SIGN_STYLE = Automatic;
				DEVELOPMENT_TEAM = 8CVXW7BRYZ;
				INFOPLIST_FILE = Estaed/Info.plist;
				LD_RUNPATH_SEARCH_PATHS = (
					"$(inherited)",
					"@executable_path/Frameworks",
				);
				PRODUCT_BUNDLE_IDENTIFIER = com.example.Estaed;
				PRODUCT_NAME = "$(TARGET_NAME)";
				SWIFT_VERSION = 5.0;
				TARGETED_DEVICE_FAMILY = "1,2";
			};
			name = Release;
		};
		BF867CB627673B4F00679F90 /* Debug */ = {
			isa = XCBuildConfiguration;
			buildSettings = {
				ALWAYS_EMBED_SWIFT_STANDARD_LIBRARIES = YES;
				BUNDLE_LOADER = "$(TEST_HOST)";
				CODE_SIGN_STYLE = Automatic;
				DEVELOPMENT_TEAM = 8CVXW7BRYZ;
				INFOPLIST_FILE = EstaedTests/Info.plist;
				IPHONEOS_DEPLOYMENT_TARGET = 14.5;
				LD_RUNPATH_SEARCH_PATHS = (
					"$(inherited)",
					"@executable_path/Frameworks",
					"@loader_path/Frameworks",
				);
				PRODUCT_BUNDLE_IDENTIFIER = life.processor.EstaedTests;
				PRODUCT_NAME = "$(TARGET_NAME)";
				SWIFT_VERSION = 5.0;
				TARGETED_DEVICE_FAMILY = "1,2";
				TEST_HOST = "$(BUILT_PRODUCTS_DIR)/Estaed.app/Estaed";
			};
			name = Debug;
		};
		BF867CB727673B4F00679F90 /* Release */ = {
			isa = XCBuildConfiguration;
			buildSettings = {
				ALWAYS_EMBED_SWIFT_STANDARD_LIBRARIES = YES;
				BUNDLE_LOADER = "$(TEST_HOST)";
				CODE_SIGN_STYLE = Automatic;
				DEVELOPMENT_TEAM = 8CVXW7BRYZ;
				INFOPLIST_FILE = EstaedTests/Info.plist;
				IPHONEOS_DEPLOYMENT_TARGET = 14.5;
				LD_RUNPATH_SEARCH_PATHS = (
					"$(inherited)",
					"@executable_path/Frameworks",
					"@loader_path/Frameworks",
				);
				PRODUCT_BUNDLE_IDENTIFIER = life.processor.EstaedTests;
				PRODUCT_NAME = "$(TARGET_NAME)";
				SWIFT_VERSION = 5.0;
				TARGETED_DEVICE_FAMILY = "1,2";
				TEST_HOST = "$(BUILT_PRODUCTS_DIR)/Estaed.app/Estaed";
			};
			name = Release;
		};
		BF867CB927673B4F00679F90 /* Debug */ = {
			isa = XCBuildConfiguration;
			buildSettings = {
				ALWAYS_EMBED_SWIFT_STANDARD_LIBRARIES = YES;
				CODE_SIGN_STYLE = Automatic;
				DEVELOPMENT_TEAM = 8CVXW7BRYZ;
				INFOPLIST_FILE = EstaedUITests/Info.plist;
				LD_RUNPATH_SEARCH_PATHS = (
					"$(inherited)",
					"@executable_path/Frameworks",
					"@loader_path/Frameworks",
				);
				PRODUCT_BUNDLE_IDENTIFIER = life.processor.EstaedUITests;
				PRODUCT_NAME = "$(TARGET_NAME)";
				SWIFT_VERSION = 5.0;
				TARGETED_DEVICE_FAMILY = "1,2";
				TEST_TARGET_NAME = Estaed;
			};
			name = Debug;
		};
		BF867CBA27673B4F00679F90 /* Release */ = {
			isa = XCBuildConfiguration;
			buildSettings = {
				ALWAYS_EMBED_SWIFT_STANDARD_LIBRARIES = YES;
				CODE_SIGN_STYLE = Automatic;
				DEVELOPMENT_TEAM = 8CVXW7BRYZ;
				INFOPLIST_FILE = EstaedUITests/Info.plist;
				LD_RUNPATH_SEARCH_PATHS = (
					"$(inherited)",
					"@executable_path/Frameworks",
					"@loader_path/Frameworks",
				);
				PRODUCT_BUNDLE_IDENTIFIER = life.processor.EstaedUITests;
				PRODUCT_NAME = "$(TARGET_NAME)";
				SWIFT_VERSION = 5.0;
				TARGETED_DEVICE_FAMILY = "1,2";
				TEST_TARGET_NAME = Estaed;
			};
			name = Release;
		};
/* End XCBuildConfiguration section */

/* Begin XCConfigurationList section */
		BF867C8327673B4D00679F90 /* Build configuration list for PBXProject "Estaed" */ = {
			isa = XCConfigurationList;
			buildConfigurations = (
				BF867CB027673B4F00679F90 /* Debug */,
				BF867CB127673B4F00679F90 /* Release */,
			);
			defaultConfigurationIsVisible = 0;
			defaultConfigurationName = Release;
		};
		BF867CB227673B4F00679F90 /* Build configuration list for PBXNativeTarget "Estaed" */ = {
			isa = XCConfigurationList;
			buildConfigurations = (
				BF867CB327673B4F00679F90 /* Debug */,
				BF867CB427673B4F00679F90 /* Release */,
			);
			defaultConfigurationIsVisible = 0;
			defaultConfigurationName = Release;
		};
		BF867CB527673B4F00679F90 /* Build configuration list for PBXNativeTarget "EstaedTests" */ = {
			isa = XCConfigurationList;
			buildConfigurations = (
				BF867CB627673B4F00679F90 /* Debug */,
				BF867CB727673B4F00679F90 /* Release */,
			);
			defaultConfigurationIsVisible = 0;
			defaultConfigurationName = Release;
		};
		BF867CB827673B4F00679F90 /* Build configuration list for PBXNativeTarget "EstaedUITests" */ = {
			isa = XCConfigurationList;
			buildConfigurations = (
				BF867CB927673B4F00679F90 /* Debug */,
				BF867CBA27673B4F00679F90 /* Release */,
			);
			defaultConfigurationIsVisible = 0;
			defaultConfigurationName = Release;
		};
/* End XCConfigurationList section */
	};
	rootObject = BF867C8027673B4D00679F90 /* Project object */;
}
